
Microsoft Visual Studio Solution File, Format Version 12.00
# Visual Studio Version 16
VisualStudioVersion = 16.0.31105.61
MinimumVisualStudioVersion = 10.0.40219.1
Project("{FAE04EC0-301F-11D3-BF4B-00C04F79EFBC}") = "GetStartedDebugging", "GetStartedDebugging\GetStartedDebugging.csproj", "{9D09E69A-3350-4BE3-B18D-08D8F659435B}"
EndProject
Global
	GlobalSection(SolutionConfigurationPlatforms) = preSolution
		Debug|Any CPU = Debug|Any CPU
		Release|Any CPU = Release|Any CPU
	EndGlobalSection
	GlobalSection(ProjectConfigurationPlatforms) = postSolution
		{9D09E69A-3350-4BE3-B18D-08D8F659435B}.Debug|Any CPU.ActiveCfg = Debug|Any CPU
		{9D09E69A-3350-4BE3-B18D-08D8F659435B}.Debug|Any CPU.Build.0 = Debug|Any CPU
		{9D09E69A-3350-4BE3-B18D-08D8F659435B}.Release|Any CPU.ActiveCfg = Release|Any CPU
		{9D09E69A-3350-4BE3-B18D-08D8F659435B}.Release|Any CPU.Build.0 = Release|Any CPU
	EndGlobalSection
	GlobalSection(SolutionProperties) = preSolution
		HideSolutionNode = FALSE
	EndGlobalSection
	GlobalSection(ExtensibilityGlobals) = postSolution
		SolutionGuid = {6DFD9005-274C-437A-B4FC-FC3AA6CD2735}
	EndGlobalSection
EndGlobal
